{
  "originHash" : "045c072811e008d34f035c9be2666ae6981d98f0f2aba8baf27e187ae1b60a7c",
  "pins" : [
    {
      "identity" : "classlynetworking",
      "kind" : "remoteSourceControl",
      "location" : "git@github.com:jchernandez-nttdata/ClasslyNetworking.git",
      "state" : {
        "revision" : "3e55e8be10f1489fbee564adc66ff9a2a4a8c1de",
        "version" : "1.0.5"
      }
    }
  ],
  "version" : 3
}
