{
  "originHash" : "0d66c5f1e7ebed11f1769579863822097cc883b4c7f07ca32c6b85cd5c2a9f7a",
  "pins" : [
    {
      "identity" : "classlynetworking",
      "kind" : "remoteSourceControl",
      "location" : "git@github.com:jchernandez-nttdata/ClasslyNetworking.git",
      "state" : {
        "revision" : "51f54a7b3198d52bca99b3babdba3f93091fce33",
        "version" : "1.0.1"
      }
    }
  ],
  "version" : 3
}
