{
  "originHash" : "cf7d565be4159d9503c8e715958826b7fc10b7ef8152898af1289cfd02dfb8d6",
  "pins" : [
    {
      "identity" : "classlynetworking",
      "kind" : "remoteSourceControl",
      "location" : "git@github.com:jchernandez-nttdata/ClasslyNetworking.git",
      "state" : {
        "revision" : "432368851783c86936f20db156b0c04d6fc7bc94",
        "version" : "1.0.6"
      }
    }
  ],
  "version" : 3
}
