// !$*UTF8*$!
{
	archiveVersion = 1;
	classes = {
	};
	objectVersion = 77;
	objects = {

/* Begin PBXBuildFile section */
		352FA1AF2DDCEF9900853EAB /* PaymentsManagement in Frameworks */ = {isa = PBXBuildFile; productRef = 352FA1AE2DDCEF9900853EAB /* PaymentsManagement */; };
		352FA1B12DDCEFA100853EAB /* ClassManagement in Frameworks */ = {isa = PBXBuildFile; productRef = 352FA1B02DDCEFA100853EAB /* ClassManagement */; };
		352FA1B32DDCEFAA00853EAB /* StudentManagement in Frameworks */ = {isa = PBXBuildFile; productRef = 352FA1B22DDCEFAA00853EAB /* StudentManagement */; };
		356F75E62DB98DD4000C0361 /* .gitignore in Sources */ = {isa = PBXBuildFile; fileRef = 356F75E52DB98DD4000C0361 /* .gitignore */; };
		356F75EA2DB98FDB000C0361 /* Navigation in Frameworks */ = {isa = PBXBuildFile; productRef = 356F75E92DB98FDB000C0361 /* Navigation */; };
		356F76632DBC0C27000C0361 /* Authentication in Frameworks */ = {isa = PBXBuildFile; productRef = 356F76622DBC0C27000C0361 /* Authentication */; };
		356F76662DBFEE8E000C0361 /* Assets in Frameworks */ = {isa = PBXBuildFile; productRef = 356F76652DBFEE8E000C0361 /* Assets */; };
		356F76B22DC0856F000C0361 /* Core in Frameworks */ = {isa = PBXBuildFile; productRef = 356F76B12DC0856F000C0361 /* Core */; };
		356F76B52DC086FA000C0361 /* UIComponents in Frameworks */ = {isa = PBXBuildFile; productRef = 356F76B42DC086FA000C0361 /* UIComponents */; };
		358320BB2DE0263000D90C51 /* FirebaseAnalytics in Frameworks */ = {isa = PBXBuildFile; productRef = 358320BA2DE0263000D90C51 /* FirebaseAnalytics */; };
		358320BD2DE0263000D90C51 /* FirebaseCore in Frameworks */ = {isa = PBXBuildFile; productRef = 358320BC2DE0263000D90C51 /* FirebaseCore */; };
		358320BF2DE0263000D90C51 /* FirebaseCrashlytics in Frameworks */ = {isa = PBXBuildFile; productRef = 358320BE2DE0263000D90C51 /* FirebaseCrashlytics */; };
		358320C12DE0263000D90C51 /* FirebaseRemoteConfig in Frameworks */ = {isa = PBXBuildFile; productRef = 358320C02DE0263000D90C51 /* FirebaseRemoteConfig */; };
		358320DA2DE0310700D90C51 /* RemoteConfigClient in Frameworks */ = {isa = PBXBuildFile; productRef = 358320D92DE0310700D90C51 /* RemoteConfigClient */; };
		358358B82DE0E23200AA06FA /* DataPersistance in Frameworks */ = {isa = PBXBuildFile; productRef = 358358B72DE0E23200AA06FA /* DataPersistance */; };
		35C0CC5B2DC16163005D71D8 /* ClasslyNetworking in Frameworks */ = {isa = PBXBuildFile; productRef = 35C0CC5A2DC16163005D71D8 /* ClasslyNetworking */; };
		35D6700C2DE7A40200AFF560 /* ClassesStudent in Frameworks */ = {isa = PBXBuildFile; productRef = 35D6700B2DE7A40200AFF560 /* ClassesStudent */; };
/* End PBXBuildFile section */

/* Begin PBXContainerItemProxy section */
		35893B9F2DA0504900EEFE40 /* PBXContainerItemProxy */ = {
			isa = PBXContainerItemProxy;
			containerPortal = 35893B862DA0504700EEFE40 /* Project object */;
			proxyType = 1;
			remoteGlobalIDString = 35893B8D2DA0504700EEFE40;
			remoteInfo = Classly;
		};
		35893BA92DA0504A00EEFE40 /* PBXContainerItemProxy */ = {
			isa = PBXContainerItemProxy;
			containerPortal = 35893B862DA0504700EEFE40 /* Project object */;
			proxyType = 1;
			remoteGlobalIDString = 35893B8D2DA0504700EEFE40;
			remoteInfo = Classly;
		};
/* End PBXContainerItemProxy section */

/* Begin PBXFileReference section */
		3502491E2DCB065600C5A036 /* StudentManagement */ = {isa = PBXFileReference; lastKnownFileType = wrapper; path = StudentManagement; sourceTree = "<group>"; };
		352FA1AD2DDCEE4F00853EAB /* PaymentsManagement */ = {isa = PBXFileReference; lastKnownFileType = wrapper; path = PaymentsManagement; sourceTree = "<group>"; };
		356F75E52DB98DD4000C0361 /* .gitignore */ = {isa = PBXFileReference; lastKnownFileType = text; path = .gitignore; sourceTree = "<group>"; };
		356F75E72DB98F95000C0361 /* Navigation */ = {isa = PBXFileReference; lastKnownFileType = wrapper; path = Navigation; sourceTree = "<group>"; };
		356F765F2DBBFB97000C0361 /* Authentication */ = {isa = PBXFileReference; lastKnownFileType = wrapper; path = Authentication; sourceTree = "<group>"; };
		356F76642DBFEA38000C0361 /* Assets */ = {isa = PBXFileReference; lastKnownFileType = wrapper; path = Assets; sourceTree = "<group>"; };
		356F76B02DC084CC000C0361 /* Core */ = {isa = PBXFileReference; lastKnownFileType = wrapper; path = Core; sourceTree = "<group>"; };
		356F76B32DC0867E000C0361 /* UIComponents */ = {isa = PBXFileReference; lastKnownFileType = wrapper; path = UIComponents; sourceTree = "<group>"; };
		358320D82DE02AFD00D90C51 /* RemoteConfigClient */ = {isa = PBXFileReference; lastKnownFileType = wrapper; path = RemoteConfigClient; sourceTree = "<group>"; };
		35893B8E2DA0504700EEFE40 /* Classly.app */ = {isa = PBXFileReference; explicitFileType = wrapper.application; includeInIndex = 0; path = Classly.app; sourceTree = BUILT_PRODUCTS_DIR; };
		35893B9E2DA0504900EEFE40 /* ClasslyTests.xctest */ = {isa = PBXFileReference; explicitFileType = wrapper.cfbundle; includeInIndex = 0; path = ClasslyTests.xctest; sourceTree = BUILT_PRODUCTS_DIR; };
		35893BA82DA0504A00EEFE40 /* ClasslyUITests.xctest */ = {isa = PBXFileReference; explicitFileType = wrapper.cfbundle; includeInIndex = 0; path = ClasslyUITests.xctest; sourceTree = BUILT_PRODUCTS_DIR; };
		35C76FFE2DCDA8120022227A /* DataPersistance */ = {isa = PBXFileReference; lastKnownFileType = wrapper; path = DataPersistance; sourceTree = "<group>"; };
		35CC73A12DD525AB007FE590 /* ClassManagement */ = {isa = PBXFileReference; lastKnownFileType = wrapper; path = ClassManagement; sourceTree = "<group>"; };
		35D6700A2DE7A3B800AFF560 /* ClassesStudent */ = {isa = PBXFileReference; lastKnownFileType = wrapper; path = ClassesStudent; sourceTree = "<group>"; };
/* End PBXFileReference section */

/* Begin PBXFileSystemSynchronizedRootGroup section */
		35893B902DA0504700EEFE40 /* Classly */ = {
			isa = PBXFileSystemSynchronizedRootGroup;
			path = Classly;
			sourceTree = "<group>";
		};
		35893BA12DA0504900EEFE40 /* ClasslyTests */ = {
			isa = PBXFileSystemSynchronizedRootGroup;
			path = ClasslyTests;
			sourceTree = "<group>";
		};
		35893BAB2DA0504A00EEFE40 /* ClasslyUITests */ = {
			isa = PBXFileSystemSynchronizedRootGroup;
			path = ClasslyUITests;
			sourceTree = "<group>";
		};
/* End PBXFileSystemSynchronizedRootGroup section */

/* Begin PBXFrameworksBuildPhase section */
		35893B8B2DA0504700EEFE40 /* Frameworks */ = {
			isa = PBXFrameworksBuildPhase;
			buildActionMask = 2147483647;
			files = (
				358358B82DE0E23200AA06FA /* DataPersistance in Frameworks */,
				356F76B52DC086FA000C0361 /* UIComponents in Frameworks */,
				356F75EA2DB98FDB000C0361 /* Navigation in Frameworks */,
				35D6700C2DE7A40200AFF560 /* ClassesStudent in Frameworks */,
				358320BD2DE0263000D90C51 /* FirebaseCore in Frameworks */,
				352FA1B12DDCEFA100853EAB /* ClassManagement in Frameworks */,
				352FA1B32DDCEFAA00853EAB /* StudentManagement in Frameworks */,
				358320DA2DE0310700D90C51 /* RemoteConfigClient in Frameworks */,
				356F76662DBFEE8E000C0361 /* Assets in Frameworks */,
				356F76B22DC0856F000C0361 /* Core in Frameworks */,
				35C0CC5B2DC16163005D71D8 /* ClasslyNetworking in Frameworks */,
				352FA1AF2DDCEF9900853EAB /* PaymentsManagement in Frameworks */,
				358320BF2DE0263000D90C51 /* FirebaseCrashlytics in Frameworks */,
				358320C12DE0263000D90C51 /* FirebaseRemoteConfig in Frameworks */,
				358320BB2DE0263000D90C51 /* FirebaseAnalytics in Frameworks */,
				356F76632DBC0C27000C0361 /* Authentication in Frameworks */,
			);
			runOnlyForDeploymentPostprocessing = 0;
		};
		35893B9B2DA0504900EEFE40 /* Frameworks */ = {
			isa = PBXFrameworksBuildPhase;
			buildActionMask = 2147483647;
			files = (
			);
			runOnlyForDeploymentPostprocessing = 0;
		};
		35893BA52DA0504A00EEFE40 /* Frameworks */ = {
			isa = PBXFrameworksBuildPhase;
			buildActionMask = 2147483647;
			files = (
			);
			runOnlyForDeploymentPostprocessing = 0;
		};
/* End PBXFrameworksBuildPhase section */

/* Begin PBXGroup section */
		356F75E82DB98FDB000C0361 /* Frameworks */ = {
			isa = PBXGroup;
			children = (
			);
			name = Frameworks;
			sourceTree = "<group>";
		};
		35893B852DA0504700EEFE40 = {
			isa = PBXGroup;
			children = (
				35D6700A2DE7A3B800AFF560 /* ClassesStudent */,
				358320D82DE02AFD00D90C51 /* RemoteConfigClient */,
				352FA1AD2DDCEE4F00853EAB /* PaymentsManagement */,
				35CC73A12DD525AB007FE590 /* ClassManagement */,
				35C76FFE2DCDA8120022227A /* DataPersistance */,
				3502491E2DCB065600C5A036 /* StudentManagement */,
				356F76B32DC0867E000C0361 /* UIComponents */,
				356F76B02DC084CC000C0361 /* Core */,
				356F76642DBFEA38000C0361 /* Assets */,
				356F765F2DBBFB97000C0361 /* Authentication */,
				356F75E72DB98F95000C0361 /* Navigation */,
				356F75E52DB98DD4000C0361 /* .gitignore */,
				35893B902DA0504700EEFE40 /* Classly */,
				35893BA12DA0504900EEFE40 /* ClasslyTests */,
				35893BAB2DA0504A00EEFE40 /* ClasslyUITests */,
				356F75E82DB98FDB000C0361 /* Frameworks */,
				35893B8F2DA0504700EEFE40 /* Products */,
			);
			sourceTree = "<group>";
		};
		35893B8F2DA0504700EEFE40 /* Products */ = {
			isa = PBXGroup;
			children = (
				35893B8E2DA0504700EEFE40 /* Classly.app */,
				35893B9E2DA0504900EEFE40 /* ClasslyTests.xctest */,
				35893BA82DA0504A00EEFE40 /* ClasslyUITests.xctest */,
			);
			name = Products;
			sourceTree = "<group>";
		};
/* End PBXGroup section */

/* Begin PBXNativeTarget section */
		35893B8D2DA0504700EEFE40 /* Classly */ = {
			isa = PBXNativeTarget;
			buildConfigurationList = 35893BB22DA0504A00EEFE40 /* Build configuration list for PBXNativeTarget "Classly" */;
			buildPhases = (
				35893B8A2DA0504700EEFE40 /* Sources */,
				35893B8B2DA0504700EEFE40 /* Frameworks */,
				35893B8C2DA0504700EEFE40 /* Resources */,
			);
			buildRules = (
			);
			dependencies = (
			);
			fileSystemSynchronizedGroups = (
				35893B902DA0504700EEFE40 /* Classly */,
			);
			name = Classly;
			packageProductDependencies = (
				356F75E92DB98FDB000C0361 /* Navigation */,
				356F76622DBC0C27000C0361 /* Authentication */,
				356F76652DBFEE8E000C0361 /* Assets */,
				356F76B12DC0856F000C0361 /* Core */,
				356F76B42DC086FA000C0361 /* UIComponents */,
				35C0CC5A2DC16163005D71D8 /* ClasslyNetworking */,
				352FA1AE2DDCEF9900853EAB /* PaymentsManagement */,
				352FA1B02DDCEFA100853EAB /* ClassManagement */,
				352FA1B22DDCEFAA00853EAB /* StudentManagement */,
				358320BA2DE0263000D90C51 /* FirebaseAnalytics */,
				358320BC2DE0263000D90C51 /* FirebaseCore */,
				358320BE2DE0263000D90C51 /* FirebaseCrashlytics */,
				358320C02DE0263000D90C51 /* FirebaseRemoteConfig */,
				358320D92DE0310700D90C51 /* RemoteConfigClient */,
				358358B72DE0E23200AA06FA /* DataPersistance */,
				35D6700B2DE7A40200AFF560 /* ClassesStudent */,
			);
			productName = Classly;
			productReference = 35893B8E2DA0504700EEFE40 /* Classly.app */;
			productType = "com.apple.product-type.application";
		};
		35893B9D2DA0504900EEFE40 /* ClasslyTests */ = {
			isa = PBXNativeTarget;
			buildConfigurationList = 35893BB52DA0504A00EEFE40 /* Build configuration list for PBXNativeTarget "ClasslyTests" */;
			buildPhases = (
				35893B9A2DA0504900EEFE40 /* Sources */,
				35893B9B2DA0504900EEFE40 /* Frameworks */,
				35893B9C2DA0504900EEFE40 /* Resources */,
			);
			buildRules = (
			);
			dependencies = (
				35893BA02DA0504900EEFE40 /* PBXTargetDependency */,
			);
			fileSystemSynchronizedGroups = (
				35893BA12DA0504900EEFE40 /* ClasslyTests */,
			);
			name = ClasslyTests;
			packageProductDependencies = (
			);
			productName = ClasslyTests;
			productReference = 35893B9E2DA0504900EEFE40 /* ClasslyTests.xctest */;
			productType = "com.apple.product-type.bundle.unit-test";
		};
		35893BA72DA0504A00EEFE40 /* ClasslyUITests */ = {
			isa = PBXNativeTarget;
			buildConfigurationList = 35893BB82DA0504A00EEFE40 /* Build configuration list for PBXNativeTarget "ClasslyUITests" */;
			buildPhases = (
				35893BA42DA0504A00EEFE40 /* Sources */,
				35893BA52DA0504A00EEFE40 /* Frameworks */,
				35893BA62DA0504A00EEFE40 /* Resources */,
			);
			buildRules = (
			);
			dependencies = (
				35893BAA2DA0504A00EEFE40 /* PBXTargetDependency */,
			);
			fileSystemSynchronizedGroups = (
				35893BAB2DA0504A00EEFE40 /* ClasslyUITests */,
			);
			name = ClasslyUITests;
			packageProductDependencies = (
			);
			productName = ClasslyUITests;
			productReference = 35893BA82DA0504A00EEFE40 /* ClasslyUITests.xctest */;
			productType = "com.apple.product-type.bundle.ui-testing";
		};
/* End PBXNativeTarget section */

/* Begin PBXProject section */
		35893B862DA0504700EEFE40 /* Project object */ = {
			isa = PBXProject;
			attributes = {
				BuildIndependentTargetsInParallel = 1;
				LastSwiftUpdateCheck = 1620;
				LastUpgradeCheck = 1620;
				TargetAttributes = {
					35893B8D2DA0504700EEFE40 = {
						CreatedOnToolsVersion = 16.2;
					};
					35893B9D2DA0504900EEFE40 = {
						CreatedOnToolsVersion = 16.2;
						TestTargetID = 35893B8D2DA0504700EEFE40;
					};
					35893BA72DA0504A00EEFE40 = {
						CreatedOnToolsVersion = 16.2;
						TestTargetID = 35893B8D2DA0504700EEFE40;
					};
				};
			};
			buildConfigurationList = 35893B892DA0504700EEFE40 /* Build configuration list for PBXProject "Classly" */;
			developmentRegion = en;
			hasScannedForEncodings = 0;
			knownRegions = (
				en,
				Base,
			);
			mainGroup = 35893B852DA0504700EEFE40;
			minimizedProjectReferenceProxies = 1;
			packageReferences = (
				35C0CC592DC16163005D71D8 /* XCRemoteSwiftPackageReference "ClasslyNetworking" */,
				358320B92DE0263000D90C51 /* XCRemoteSwiftPackageReference "firebase-ios-sdk" */,
			);
			preferredProjectObjectVersion = 77;
			productRefGroup = 35893B8F2DA0504700EEFE40 /* Products */;
			projectDirPath = "";
			projectRoot = "";
			targets = (
				35893B8D2DA0504700EEFE40 /* Classly */,
				35893B9D2DA0504900EEFE40 /* ClasslyTests */,
				35893BA72DA0504A00EEFE40 /* ClasslyUITests */,
			);
		};
/* End PBXProject section */

/* Begin PBXResourcesBuildPhase section */
		35893B8C2DA0504700EEFE40 /* Resources */ = {
			isa = PBXResourcesBuildPhase;
			buildActionMask = 2147483647;
			files = (
			);
			runOnlyForDeploymentPostprocessing = 0;
		};
		35893B9C2DA0504900EEFE40 /* Resources */ = {
			isa = PBXResourcesBuildPhase;
			buildActionMask = 2147483647;
			files = (
			);
			runOnlyForDeploymentPostprocessing = 0;
		};
		35893BA62DA0504A00EEFE40 /* Resources */ = {
			isa = PBXResourcesBuildPhase;
			buildActionMask = 2147483647;
			files = (
			);
			runOnlyForDeploymentPostprocessing = 0;
		};
/* End PBXResourcesBuildPhase section */

/* Begin PBXSourcesBuildPhase section */
		35893B8A2DA0504700EEFE40 /* Sources */ = {
			isa = PBXSourcesBuildPhase;
			buildActionMask = 2147483647;
			files = (
				356F75E62DB98DD4000C0361 /* .gitignore in Sources */,
			);
			runOnlyForDeploymentPostprocessing = 0;
		};
		35893B9A2DA0504900EEFE40 /* Sources */ = {
			isa = PBXSourcesBuildPhase;
			buildActionMask = 2147483647;
			files = (
			);
			runOnlyForDeploymentPostprocessing = 0;
		};
		35893BA42DA0504A00EEFE40 /* Sources */ = {
			isa = PBXSourcesBuildPhase;
			buildActionMask = 2147483647;
			files = (
			);
			runOnlyForDeploymentPostprocessing = 0;
		};
/* End PBXSourcesBuildPhase section */

/* Begin PBXTargetDependency section */
		35893BA02DA0504900EEFE40 /* PBXTargetDependency */ = {
			isa = PBXTargetDependency;
			target = 35893B8D2DA0504700EEFE40 /* Classly */;
			targetProxy = 35893B9F2DA0504900EEFE40 /* PBXContainerItemProxy */;
		};
		35893BAA2DA0504A00EEFE40 /* PBXTargetDependency */ = {
			isa = PBXTargetDependency;
			target = 35893B8D2DA0504700EEFE40 /* Classly */;
			targetProxy = 35893BA92DA0504A00EEFE40 /* PBXContainerItemProxy */;
		};
/* End PBXTargetDependency section */

/* Begin XCBuildConfiguration section */
		35893BB02DA0504A00EEFE40 /* Debug */ = {
			isa = XCBuildConfiguration;
			buildSettings = {
				ALWAYS_SEARCH_USER_PATHS = NO;
				ASSETCATALOG_COMPILER_GENERATE_SWIFT_ASSET_SYMBOL_EXTENSIONS = YES;
				CLANG_ANALYZER_NONNULL = YES;
				CLANG_ANALYZER_NUMBER_OBJECT_CONVERSION = YES_AGGRESSIVE;
				CLANG_CXX_LANGUAGE_STANDARD = "gnu++20";
				CLANG_ENABLE_MODULES = YES;
				CLANG_ENABLE_OBJC_ARC = YES;
				CLANG_ENABLE_OBJC_WEAK = YES;
				CLANG_WARN_BLOCK_CAPTURE_AUTORELEASING = YES;
				CLANG_WARN_BOOL_CONVERSION = YES;
				CLANG_WARN_COMMA = YES;
				CLANG_WARN_CONSTANT_CONVERSION = YES;
				CLANG_WARN_DEPRECATED_OBJC_IMPLEMENTATIONS = YES;
				CLANG_WARN_DIRECT_OBJC_ISA_USAGE = YES_ERROR;
				CLANG_WARN_DOCUMENTATION_COMMENTS = YES;
				CLANG_WARN_EMPTY_BODY = YES;
				CLANG_WARN_ENUM_CONVERSION = YES;
				CLANG_WARN_INFINITE_RECURSION = YES;
				CLANG_WARN_INT_CONVERSION = YES;
				CLANG_WARN_NON_LITERAL_NULL_CONVERSION = YES;
				CLANG_WARN_OBJC_IMPLICIT_RETAIN_SELF = YES;
				CLANG_WARN_OBJC_LITERAL_CONVERSION = YES;
				CLANG_WARN_OBJC_ROOT_CLASS = YES_ERROR;
				CLANG_WARN_QUOTED_INCLUDE_IN_FRAMEWORK_HEADER = YES;
				CLANG_WARN_RANGE_LOOP_ANALYSIS = YES;
				CLANG_WARN_STRICT_PROTOTYPES = YES;
				CLANG_WARN_SUSPICIOUS_MOVE = YES;
				CLANG_WARN_UNGUARDED_AVAILABILITY = YES_AGGRESSIVE;
				CLANG_WARN_UNREACHABLE_CODE = YES;
				CLANG_WARN__DUPLICATE_METHOD_MATCH = YES;
				COPY_PHASE_STRIP = NO;
				DEBUG_INFORMATION_FORMAT = dwarf;
				ENABLE_STRICT_OBJC_MSGSEND = YES;
				ENABLE_TESTABILITY = YES;
				ENABLE_USER_SCRIPT_SANDBOXING = YES;
				GCC_C_LANGUAGE_STANDARD = gnu17;
				GCC_DYNAMIC_NO_PIC = NO;
				GCC_NO_COMMON_BLOCKS = YES;
				GCC_OPTIMIZATION_LEVEL = 0;
				GCC_PREPROCESSOR_DEFINITIONS = (
					"DEBUG=1",
					"$(inherited)",
				);
				GCC_WARN_64_TO_32_BIT_CONVERSION = YES;
				GCC_WARN_ABOUT_RETURN_TYPE = YES_ERROR;
				GCC_WARN_UNDECLARED_SELECTOR = YES;
				GCC_WARN_UNINITIALIZED_AUTOS = YES_AGGRESSIVE;
				GCC_WARN_UNUSED_FUNCTION = YES;
				GCC_WARN_UNUSED_VARIABLE = YES;
				IPHONEOS_DEPLOYMENT_TARGET = 18.2;
				LOCALIZATION_PREFERS_STRING_CATALOGS = YES;
				MTL_ENABLE_DEBUG_INFO = INCLUDE_SOURCE;
				MTL_FAST_MATH = YES;
				ONLY_ACTIVE_ARCH = YES;
				SDKROOT = iphoneos;
				SWIFT_ACTIVE_COMPILATION_CONDITIONS = "DEBUG $(inherited)";
				SWIFT_OPTIMIZATION_LEVEL = "-Onone";
			};
			name = Debug;
		};
		35893BB12DA0504A00EEFE40 /* Release */ = {
			isa = XCBuildConfiguration;
			buildSettings = {
				ALWAYS_SEARCH_USER_PATHS = NO;
				ASSETCATALOG_COMPILER_GENERATE_SWIFT_ASSET_SYMBOL_EXTENSIONS = YES;
				CLANG_ANALYZER_NONNULL = YES;
				CLANG_ANALYZER_NUMBER_OBJECT_CONVERSION = YES_AGGRESSIVE;
				CLANG_CXX_LANGUAGE_STANDARD = "gnu++20";
				CLANG_ENABLE_MODULES = YES;
				CLANG_ENABLE_OBJC_ARC = YES;
				CLANG_ENABLE_OBJC_WEAK = YES;
				CLANG_WARN_BLOCK_CAPTURE_AUTORELEASING = YES;
				CLANG_WARN_BOOL_CONVERSION = YES;
				CLANG_WARN_COMMA = YES;
				CLANG_WARN_CONSTANT_CONVERSION = YES;
				CLANG_WARN_DEPRECATED_OBJC_IMPLEMENTATIONS = YES;
				CLANG_WARN_DIRECT_OBJC_ISA_USAGE = YES_ERROR;
				CLANG_WARN_DOCUMENTATION_COMMENTS = YES;
				CLANG_WARN_EMPTY_BODY = YES;
				CLANG_WARN_ENUM_CONVERSION = YES;
				CLANG_WARN_INFINITE_RECURSION = YES;
				CLANG_WARN_INT_CONVERSION = YES;
				CLANG_WARN_NON_LITERAL_NULL_CONVERSION = YES;
				CLANG_WARN_OBJC_IMPLICIT_RETAIN_SELF = YES;
				CLANG_WARN_OBJC_LITERAL_CONVERSION = YES;
				CLANG_WARN_OBJC_ROOT_CLASS = YES_ERROR;
				CLANG_WARN_QUOTED_INCLUDE_IN_FRAMEWORK_HEADER = YES;
				CLANG_WARN_RANGE_LOOP_ANALYSIS = YES;
				CLANG_WARN_STRICT_PROTOTYPES = YES;
				CLANG_WARN_SUSPICIOUS_MOVE = YES;
				CLANG_WARN_UNGUARDED_AVAILABILITY = YES_AGGRESSIVE;
				CLANG_WARN_UNREACHABLE_CODE = YES;
				CLANG_WARN__DUPLICATE_METHOD_MATCH = YES;
				COPY_PHASE_STRIP = NO;
				DEBUG_INFORMATION_FORMAT = "dwarf-with-dsym";
				ENABLE_NS_ASSERTIONS = NO;
				ENABLE_STRICT_OBJC_MSGSEND = YES;
				ENABLE_USER_SCRIPT_SANDBOXING = YES;
				GCC_C_LANGUAGE_STANDARD = gnu17;
				GCC_NO_COMMON_BLOCKS = YES;
				GCC_WARN_64_TO_32_BIT_CONVERSION = YES;
				GCC_WARN_ABOUT_RETURN_TYPE = YES_ERROR;
				GCC_WARN_UNDECLARED_SELECTOR = YES;
				GCC_WARN_UNINITIALIZED_AUTOS = YES_AGGRESSIVE;
				GCC_WARN_UNUSED_FUNCTION = YES;
				GCC_WARN_UNUSED_VARIABLE = YES;
				IPHONEOS_DEPLOYMENT_TARGET = 18.2;
				LOCALIZATION_PREFERS_STRING_CATALOGS = YES;
				MTL_ENABLE_DEBUG_INFO = NO;
				MTL_FAST_MATH = YES;
				SDKROOT = iphoneos;
				SWIFT_COMPILATION_MODE = wholemodule;
				VALIDATE_PRODUCT = YES;
			};
			name = Release;
		};
		35893BB32DA0504A00EEFE40 /* Debug */ = {
			isa = XCBuildConfiguration;
			buildSettings = {
				ASSETCATALOG_COMPILER_APPICON_NAME = AppIcon;
				ASSETCATALOG_COMPILER_GLOBAL_ACCENT_COLOR_NAME = AccentColor;
				CODE_SIGN_STYLE = Automatic;
				CURRENT_PROJECT_VERSION = 1;
				DEVELOPMENT_ASSET_PATHS = "\"Classly/Preview Content\"";
				DEVELOPMENT_TEAM = G5H5524H6J;
				ENABLE_PREVIEWS = YES;
				GENERATE_INFOPLIST_FILE = YES;
				INFOPLIST_KEY_CFBundleDisplayName = Classly;
				INFOPLIST_KEY_NSFaceIDUsageDescription = "Authenticate with Biometrics";
				INFOPLIST_KEY_UIApplicationSceneManifest_Generation = YES;
				INFOPLIST_KEY_UIApplicationSupportsIndirectInputEvents = YES;
				INFOPLIST_KEY_UILaunchScreen_Generation = YES;
				INFOPLIST_KEY_UISupportedInterfaceOrientations_iPad = "UIInterfaceOrientationPortrait UIInterfaceOrientationPortraitUpsideDown UIInterfaceOrientationLandscapeLeft UIInterfaceOrientationLandscapeRight";
				INFOPLIST_KEY_UISupportedInterfaceOrientations_iPhone = "UIInterfaceOrientationPortrait UIInterfaceOrientationLandscapeLeft UIInterfaceOrientationLandscapeRight";
				IPHONEOS_DEPLOYMENT_TARGET = 16.6;
				LD_RUNPATH_SEARCH_PATHS = (
					"$(inherited)",
					"@executable_path/Frameworks",
				);
				MARKETING_VERSION = 1.0.0;
				PRODUCT_BUNDLE_IDENTIFIER = com.jchernandez.Classly;
				PRODUCT_NAME = "$(TARGET_NAME)";
				SUPPORTED_PLATFORMS = "iphoneos iphonesimulator";
				SUPPORTS_MACCATALYST = NO;
				SUPPORTS_MAC_DESIGNED_FOR_IPHONE_IPAD = NO;
				SUPPORTS_XR_DESIGNED_FOR_IPHONE_IPAD = NO;
				SWIFT_EMIT_LOC_STRINGS = YES;
				SWIFT_VERSION = 6.0;
				TARGETED_DEVICE_FAMILY = "1,2";
			};
			name = Debug;
		};
		35893BB42DA0504A00EEFE40 /* Release */ = {
			isa = XCBuildConfiguration;
			buildSettings = {
				ASSETCATALOG_COMPILER_APPICON_NAME = AppIcon;
				ASSETCATALOG_COMPILER_GLOBAL_ACCENT_COLOR_NAME = AccentColor;
				CODE_SIGN_STYLE = Automatic;
				CURRENT_PROJECT_VERSION = 1;
				DEVELOPMENT_ASSET_PATHS = "\"Classly/Preview Content\"";
				DEVELOPMENT_TEAM = G5H5524H6J;
				ENABLE_PREVIEWS = YES;
				GENERATE_INFOPLIST_FILE = YES;
				INFOPLIST_KEY_CFBundleDisplayName = Classly;
				INFOPLIST_KEY_NSFaceIDUsageDescription = "Authenticate with Biometrics";
				INFOPLIST_KEY_UIApplicationSceneManifest_Generation = YES;
				INFOPLIST_KEY_UIApplicationSupportsIndirectInputEvents = YES;
				INFOPLIST_KEY_UILaunchScreen_Generation = YES;
				INFOPLIST_KEY_UISupportedInterfaceOrientations_iPad = "UIInterfaceOrientationPortrait UIInterfaceOrientationPortraitUpsideDown UIInterfaceOrientationLandscapeLeft UIInterfaceOrientationLandscapeRight";
				INFOPLIST_KEY_UISupportedInterfaceOrientations_iPhone = "UIInterfaceOrientationPortrait UIInterfaceOrientationLandscapeLeft UIInterfaceOrientationLandscapeRight";
				IPHONEOS_DEPLOYMENT_TARGET = 16.6;
				LD_RUNPATH_SEARCH_PATHS = (
					"$(inherited)",
					"@executable_path/Frameworks",
				);
				MARKETING_VERSION = 1.0.0;
				PRODUCT_BUNDLE_IDENTIFIER = com.jchernandez.Classly;
				PRODUCT_NAME = "$(TARGET_NAME)";
				SUPPORTED_PLATFORMS = "iphoneos iphonesimulator";
				SUPPORTS_MACCATALYST = NO;
				SUPPORTS_MAC_DESIGNED_FOR_IPHONE_IPAD = NO;
				SUPPORTS_XR_DESIGNED_FOR_IPHONE_IPAD = NO;
				SWIFT_EMIT_LOC_STRINGS = YES;
				SWIFT_VERSION = 6.0;
				TARGETED_DEVICE_FAMILY = "1,2";
			};
			name = Release;
		};
		35893BB62DA0504A00EEFE40 /* Debug */ = {
			isa = XCBuildConfiguration;
			buildSettings = {
				BUNDLE_LOADER = "$(TEST_HOST)";
				CODE_SIGN_STYLE = Automatic;
				CURRENT_PROJECT_VERSION = 1;
				GENERATE_INFOPLIST_FILE = YES;
				IPHONEOS_DEPLOYMENT_TARGET = 18.2;
				MARKETING_VERSION = 1.0;
				PRODUCT_BUNDLE_IDENTIFIER = com.jchernandez.ClasslyTests;
				PRODUCT_NAME = "$(TARGET_NAME)";
				SWIFT_EMIT_LOC_STRINGS = NO;
				SWIFT_VERSION = 5.0;
				TARGETED_DEVICE_FAMILY = "1,2";
				TEST_HOST = "$(BUILT_PRODUCTS_DIR)/Classly.app/$(BUNDLE_EXECUTABLE_FOLDER_PATH)/Classly";
			};
			name = Debug;
		};
		35893BB72DA0504A00EEFE40 /* Release */ = {
			isa = XCBuildConfiguration;
			buildSettings = {
				BUNDLE_LOADER = "$(TEST_HOST)";
				CODE_SIGN_STYLE = Automatic;
				CURRENT_PROJECT_VERSION = 1;
				GENERATE_INFOPLIST_FILE = YES;
				IPHONEOS_DEPLOYMENT_TARGET = 18.2;
				MARKETING_VERSION = 1.0;
				PRODUCT_BUNDLE_IDENTIFIER = com.jchernandez.ClasslyTests;
				PRODUCT_NAME = "$(TARGET_NAME)";
				SWIFT_EMIT_LOC_STRINGS = NO;
				SWIFT_VERSION = 5.0;
				TARGETED_DEVICE_FAMILY = "1,2";
				TEST_HOST = "$(BUILT_PRODUCTS_DIR)/Classly.app/$(BUNDLE_EXECUTABLE_FOLDER_PATH)/Classly";
			};
			name = Release;
		};
		35893BB92DA0504A00EEFE40 /* Debug */ = {
			isa = XCBuildConfiguration;
			buildSettings = {
				CODE_SIGN_STYLE = Automatic;
				CURRENT_PROJECT_VERSION = 1;
				GENERATE_INFOPLIST_FILE = YES;
				MARKETING_VERSION = 1.0;
				PRODUCT_BUNDLE_IDENTIFIER = com.jchernandez.ClasslyUITests;
				PRODUCT_NAME = "$(TARGET_NAME)";
				SWIFT_EMIT_LOC_STRINGS = NO;
				SWIFT_VERSION = 5.0;
				TARGETED_DEVICE_FAMILY = "1,2";
				TEST_TARGET_NAME = Classly;
			};
			name = Debug;
		};
		35893BBA2DA0504A00EEFE40 /* Release */ = {
			isa = XCBuildConfiguration;
			buildSettings = {
				CODE_SIGN_STYLE = Automatic;
				CURRENT_PROJECT_VERSION = 1;
				GENERATE_INFOPLIST_FILE = YES;
				MARKETING_VERSION = 1.0;
				PRODUCT_BUNDLE_IDENTIFIER = com.jchernandez.ClasslyUITests;
				PRODUCT_NAME = "$(TARGET_NAME)";
				SWIFT_EMIT_LOC_STRINGS = NO;
				SWIFT_VERSION = 5.0;
				TARGETED_DEVICE_FAMILY = "1,2";
				TEST_TARGET_NAME = Classly;
			};
			name = Release;
		};
/* End XCBuildConfiguration section */

/* Begin XCConfigurationList section */
		35893B892DA0504700EEFE40 /* Build configuration list for PBXProject "Classly" */ = {
			isa = XCConfigurationList;
			buildConfigurations = (
				35893BB02DA0504A00EEFE40 /* Debug */,
				35893BB12DA0504A00EEFE40 /* Release */,
			);
			defaultConfigurationIsVisible = 0;
			defaultConfigurationName = Release;
		};
		35893BB22DA0504A00EEFE40 /* Build configuration list for PBXNativeTarget "Classly" */ = {
			isa = XCConfigurationList;
			buildConfigurations = (
				35893BB32DA0504A00EEFE40 /* Debug */,
				35893BB42DA0504A00EEFE40 /* Release */,
			);
			defaultConfigurationIsVisible = 0;
			defaultConfigurationName = Release;
		};
		35893BB52DA0504A00EEFE40 /* Build configuration list for PBXNativeTarget "ClasslyTests" */ = {
			isa = XCConfigurationList;
			buildConfigurations = (
				35893BB62DA0504A00EEFE40 /* Debug */,
				35893BB72DA0504A00EEFE40 /* Release */,
			);
			defaultConfigurationIsVisible = 0;
			defaultConfigurationName = Release;
		};
		35893BB82DA0504A00EEFE40 /* Build configuration list for PBXNativeTarget "ClasslyUITests" */ = {
			isa = XCConfigurationList;
			buildConfigurations = (
				35893BB92DA0504A00EEFE40 /* Debug */,
				35893BBA2DA0504A00EEFE40 /* Release */,
			);
			defaultConfigurationIsVisible = 0;
			defaultConfigurationName = Release;
		};
/* End XCConfigurationList section */

/* Begin XCRemoteSwiftPackageReference section */
		358320B92DE0263000D90C51 /* XCRemoteSwiftPackageReference "firebase-ios-sdk" */ = {
			isa = XCRemoteSwiftPackageReference;
			repositoryURL = "https://github.com/firebase/firebase-ios-sdk";
			requirement = {
				kind = upToNextMajorVersion;
				minimumVersion = 11.13.0;
			};
		};
		35C0CC592DC16163005D71D8 /* XCRemoteSwiftPackageReference "ClasslyNetworking" */ = {
			isa = XCRemoteSwiftPackageReference;
			repositoryURL = "git@github.com:jchernandez-nttdata/ClasslyNetworking.git";
			requirement = {
				kind = upToNextMinorVersion;
				minimumVersion = 1.0.3;
			};
		};
/* End XCRemoteSwiftPackageReference section */

/* Begin XCSwiftPackageProductDependency section */
		352FA1AE2DDCEF9900853EAB /* PaymentsManagement */ = {
			isa = XCSwiftPackageProductDependency;
			productName = PaymentsManagement;
		};
		352FA1B02DDCEFA100853EAB /* ClassManagement */ = {
			isa = XCSwiftPackageProductDependency;
			productName = ClassManagement;
		};
		352FA1B22DDCEFAA00853EAB /* StudentManagement */ = {
			isa = XCSwiftPackageProductDependency;
			productName = StudentManagement;
		};
		356F75E92DB98FDB000C0361 /* Navigation */ = {
			isa = XCSwiftPackageProductDependency;
			productName = Navigation;
		};
		356F76622DBC0C27000C0361 /* Authentication */ = {
			isa = XCSwiftPackageProductDependency;
			productName = Authentication;
		};
		356F76652DBFEE8E000C0361 /* Assets */ = {
			isa = XCSwiftPackageProductDependency;
			productName = Assets;
		};
		356F76B12DC0856F000C0361 /* Core */ = {
			isa = XCSwiftPackageProductDependency;
			productName = Core;
		};
		356F76B42DC086FA000C0361 /* UIComponents */ = {
			isa = XCSwiftPackageProductDependency;
			productName = UIComponents;
		};
		358320BA2DE0263000D90C51 /* FirebaseAnalytics */ = {
			isa = XCSwiftPackageProductDependency;
			package = 358320B92DE0263000D90C51 /* XCRemoteSwiftPackageReference "firebase-ios-sdk" */;
			productName = FirebaseAnalytics;
		};
		358320BC2DE0263000D90C51 /* FirebaseCore */ = {
			isa = XCSwiftPackageProductDependency;
			package = 358320B92DE0263000D90C51 /* XCRemoteSwiftPackageReference "firebase-ios-sdk" */;
			productName = FirebaseCore;
		};
		358320BE2DE0263000D90C51 /* FirebaseCrashlytics */ = {
			isa = XCSwiftPackageProductDependency;
			package = 358320B92DE0263000D90C51 /* XCRemoteSwiftPackageReference "firebase-ios-sdk" */;
			productName = FirebaseCrashlytics;
		};
		358320C02DE0263000D90C51 /* FirebaseRemoteConfig */ = {
			isa = XCSwiftPackageProductDependency;
			package = 358320B92DE0263000D90C51 /* XCRemoteSwiftPackageReference "firebase-ios-sdk" */;
			productName = FirebaseRemoteConfig;
		};
		358320D92DE0310700D90C51 /* RemoteConfigClient */ = {
			isa = XCSwiftPackageProductDependency;
			productName = RemoteConfigClient;
		};
		358358B72DE0E23200AA06FA /* DataPersistance */ = {
			isa = XCSwiftPackageProductDependency;
			productName = DataPersistance;
		};
		35C0CC5A2DC16163005D71D8 /* ClasslyNetworking */ = {
			isa = XCSwiftPackageProductDependency;
			package = 35C0CC592DC16163005D71D8 /* XCRemoteSwiftPackageReference "ClasslyNetworking" */;
			productName = ClasslyNetworking;
		};
		35D6700B2DE7A40200AFF560 /* ClassesStudent */ = {
			isa = XCSwiftPackageProductDependency;
			productName = ClassesStudent;
		};
/* End XCSwiftPackageProductDependency section */
	};
	rootObject = 35893B862DA0504700EEFE40 /* Project object */;
}
